// !$*UTF8*$!
{
	archiveVersion = 1;
	classes = {
	};
	objectVersion = 50;
	objects = {

/* Begin PBXBuildFile section */
		4908671226715CDB00C42890 /* UserDefaults+extension.swift in Sources */ = {isa = PBXBuildFile; fileRef = 4908671126715CDB00C42890 /* UserDefaults+extension.swift */; };
		490867142671627800C42890 /* MovieDetailViewController.swift in Sources */ = {isa = PBXBuildFile; fileRef = 490867132671627800C42890 /* MovieDetailViewController.swift */; };
		490867162671645400C42890 /* GeneralScrollView.swift in Sources */ = {isa = PBXBuildFile; fileRef = 490867152671645400C42890 /* GeneralScrollView.swift */; };
		49352EEC2671350600D181F2 /* AppDelegate.swift in Sources */ = {isa = PBXBuildFile; fileRef = 49352EEB2671350600D181F2 /* AppDelegate.swift */; };
		49352EEE2671350600D181F2 /* SceneDelegate.swift in Sources */ = {isa = PBXBuildFile; fileRef = 49352EED2671350600D181F2 /* SceneDelegate.swift */; };
		49352EF02671350600D181F2 /* MoviesViewController.swift in Sources */ = {isa = PBXBuildFile; fileRef = 49352EEF2671350600D181F2 /* MoviesViewController.swift */; };
		49352EF52671350900D181F2 /* Assets.xcassets in Resources */ = {isa = PBXBuildFile; fileRef = 49352EF42671350900D181F2 /* Assets.xcassets */; };
		49352EF82671350900D181F2 /* LaunchScreen.storyboard in Resources */ = {isa = PBXBuildFile; fileRef = 49352EF62671350900D181F2 /* LaunchScreen.storyboard */; };
		49352F012671368200D181F2 /* RequestAction.swift in Sources */ = {isa = PBXBuildFile; fileRef = 49352F002671368200D181F2 /* RequestAction.swift */; };
		49352F04267136A200D181F2 /* HttpRequest.swift in Sources */ = {isa = PBXBuildFile; fileRef = 49352F02267136A200D181F2 /* HttpRequest.swift */; };
		49352F05267136A200D181F2 /* HttpStatusCode.swift in Sources */ = {isa = PBXBuildFile; fileRef = 49352F03267136A200D181F2 /* HttpStatusCode.swift */; };
		49352F09267136D100D181F2 /* HitssTest.swift in Sources */ = {isa = PBXBuildFile; fileRef = 49352F08267136D100D181F2 /* HitssTest.swift */; };
		49352F0C26713E0E00D181F2 /* TopRanked.swift in Sources */ = {isa = PBXBuildFile; fileRef = 49352F0B26713E0E00D181F2 /* TopRanked.swift */; };
		49352F0F267140E900D181F2 /* GeneralViewController.swift in Sources */ = {isa = PBXBuildFile; fileRef = 49352F0E267140E900D181F2 /* GeneralViewController.swift */; };
		49352F122671425800D181F2 /* MovieTableViewCell.swift in Sources */ = {isa = PBXBuildFile; fileRef = 49352F112671425800D181F2 /* MovieTableViewCell.swift */; };
		49352F192671542400D181F2 /* HitssTest.xcdatamodeld in Sources */ = {isa = PBXBuildFile; fileRef = 49352F172671542400D181F2 /* HitssTest.xcdatamodeld */; };
		49352F1B2671560200D181F2 /* CoreDataService.swift in Sources */ = {isa = PBXBuildFile; fileRef = 49352F1A2671560200D181F2 /* CoreDataService.swift */; };
/* End PBXBuildFile section */

/* Begin PBXFileReference section */
		4908671126715CDB00C42890 /* UserDefaults+extension.swift */ = {isa = PBXFileReference; lastKnownFileType = sourcecode.swift; path = "UserDefaults+extension.swift"; sourceTree = "<group>"; };
		490867132671627800C42890 /* MovieDetailViewController.swift */ = {isa = PBXFileReference; lastKnownFileType = sourcecode.swift; path = MovieDetailViewController.swift; sourceTree = "<group>"; };
		490867152671645400C42890 /* GeneralScrollView.swift */ = {isa = PBXFileReference; lastKnownFileType = sourcecode.swift; path = GeneralScrollView.swift; sourceTree = "<group>"; };
		49352EE82671350600D181F2 /* HitssTest.app */ = {isa = PBXFileReference; explicitFileType = wrapper.application; includeInIndex = 0; path = HitssTest.app; sourceTree = BUILT_PRODUCTS_DIR; };
		49352EEB2671350600D181F2 /* AppDelegate.swift */ = {isa = PBXFileReference; lastKnownFileType = sourcecode.swift; path = AppDelegate.swift; sourceTree = "<group>"; };
		49352EED2671350600D181F2 /* SceneDelegate.swift */ = {isa = PBXFileReference; lastKnownFileType = sourcecode.swift; path = SceneDelegate.swift; sourceTree = "<group>"; };
		49352EEF2671350600D181F2 /* MoviesViewController.swift */ = {isa = PBXFileReference; lastKnownFileType = sourcecode.swift; path = MoviesViewController.swift; sourceTree = "<group>"; };
		49352EF42671350900D181F2 /* Assets.xcassets */ = {isa = PBXFileReference; lastKnownFileType = folder.assetcatalog; path = Assets.xcassets; sourceTree = "<group>"; };
		49352EF72671350900D181F2 /* Base */ = {isa = PBXFileReference; lastKnownFileType = file.storyboard; name = Base; path = Base.lproj/LaunchScreen.storyboard; sourceTree = "<group>"; };
		49352EF92671350900D181F2 /* Info.plist */ = {isa = PBXFileReference; lastKnownFileType = text.plist.xml; path = Info.plist; sourceTree = "<group>"; };
		49352F002671368200D181F2 /* RequestAction.swift */ = {isa = PBXFileReference; lastKnownFileType = sourcecode.swift; path = RequestAction.swift; sourceTree = "<group>"; };
		49352F02267136A200D181F2 /* HttpRequest.swift */ = {isa = PBXFileReference; fileEncoding = 4; lastKnownFileType = sourcecode.swift; path = HttpRequest.swift; sourceTree = "<group>"; };
		49352F03267136A200D181F2 /* HttpStatusCode.swift */ = {isa = PBXFileReference; fileEncoding = 4; lastKnownFileType = sourcecode.swift; path = HttpStatusCode.swift; sourceTree = "<group>"; };
		49352F08267136D100D181F2 /* HitssTest.swift */ = {isa = PBXFileReference; lastKnownFileType = sourcecode.swift; path = HitssTest.swift; sourceTree = "<group>"; };
		49352F0B26713E0E00D181F2 /* TopRanked.swift */ = {isa = PBXFileReference; lastKnownFileType = sourcecode.swift; path = TopRanked.swift; sourceTree = "<group>"; };
		49352F0E267140E900D181F2 /* GeneralViewController.swift */ = {isa = PBXFileReference; lastKnownFileType = sourcecode.swift; path = GeneralViewController.swift; sourceTree = "<group>"; };
		49352F112671425800D181F2 /* MovieTableViewCell.swift */ = {isa = PBXFileReference; lastKnownFileType = sourcecode.swift; path = MovieTableViewCell.swift; sourceTree = "<group>"; };
		49352F182671542400D181F2 /* HitssTest.xcdatamodel */ = {isa = PBXFileReference; lastKnownFileType = wrapper.xcdatamodel; path = HitssTest.xcdatamodel; sourceTree = "<group>"; };
		49352F1A2671560200D181F2 /* CoreDataService.swift */ = {isa = PBXFileReference; fileEncoding = 4; lastKnownFileType = sourcecode.swift; path = CoreDataService.swift; sourceTree = "<group>"; };
/* End PBXFileReference section */

/* Begin PBXFrameworksBuildPhase section */
		49352EE52671350600D181F2 /* Frameworks */ = {
			isa = PBXFrameworksBuildPhase;
			buildActionMask = 2147483647;
			files = (
			);
			runOnlyForDeploymentPostprocessing = 0;
		};
/* End PBXFrameworksBuildPhase section */

/* Begin PBXGroup section */
		4908671026715CCD00C42890 /* Extensions */ = {
			isa = PBXGroup;
			children = (
				4908671126715CDB00C42890 /* UserDefaults+extension.swift */,
			);
			path = Extensions;
			sourceTree = "<group>";
		};
		49352EDF2671350600D181F2 = {
			isa = PBXGroup;
			children = (
				49352EEA2671350600D181F2 /* HitssTest */,
				49352EE92671350600D181F2 /* Products */,
			);
			sourceTree = "<group>";
		};
		49352EE92671350600D181F2 /* Products */ = {
			isa = PBXGroup;
			children = (
				49352EE82671350600D181F2 /* HitssTest.app */,
			);
			name = Products;
			sourceTree = "<group>";
		};
		49352EEA2671350600D181F2 /* HitssTest */ = {
			isa = PBXGroup;
			children = (
				4908671026715CCD00C42890 /* Extensions */,
				49352F102671424700D181F2 /* View */,
				49352F0D267140D300D181F2 /* Controller */,
				49352F0A26713E0300D181F2 /* Model */,
				49352F06267136C000D181F2 /* Session */,
				49352EFF2671365800D181F2 /* Network */,
				49352EEB2671350600D181F2 /* AppDelegate.swift */,
				49352EED2671350600D181F2 /* SceneDelegate.swift */,
				49352EF42671350900D181F2 /* Assets.xcassets */,
				49352EF62671350900D181F2 /* LaunchScreen.storyboard */,
				49352EF92671350900D181F2 /* Info.plist */,
				49352F172671542400D181F2 /* HitssTest.xcdatamodeld */,
			);
			path = HitssTest;
			sourceTree = "<group>";
		};
		49352EFF2671365800D181F2 /* Network */ = {
			isa = PBXGroup;
			children = (
				49352F002671368200D181F2 /* RequestAction.swift */,
				49352F02267136A200D181F2 /* HttpRequest.swift */,
				49352F03267136A200D181F2 /* HttpStatusCode.swift */,
			);
			path = Network;
			sourceTree = "<group>";
		};
		49352F06267136C000D181F2 /* Session */ = {
			isa = PBXGroup;
			children = (
				49352F1A2671560200D181F2 /* CoreDataService.swift */,
				49352F08267136D100D181F2 /* HitssTest.swift */,
			);
			path = Session;
			sourceTree = "<group>";
		};
		49352F0A26713E0300D181F2 /* Model */ = {
			isa = PBXGroup;
			children = (
				49352F0B26713E0E00D181F2 /* TopRanked.swift */,
			);
			path = Model;
			sourceTree = "<group>";
		};
		49352F0D267140D300D181F2 /* Controller */ = {
			isa = PBXGroup;
			children = (
				49352EEF2671350600D181F2 /* MoviesViewController.swift */,
				49352F0E267140E900D181F2 /* GeneralViewController.swift */,
				490867132671627800C42890 /* MovieDetailViewController.swift */,
			);
			path = Controller;
			sourceTree = "<group>";
		};
		49352F102671424700D181F2 /* View */ = {
			isa = PBXGroup;
			children = (
				49352F112671425800D181F2 /* MovieTableViewCell.swift */,
				490867152671645400C42890 /* GeneralScrollView.swift */,
			);
			path = View;
			sourceTree = "<group>";
		};
/* End PBXGroup section */

/* Begin PBXNativeTarget section */
		49352EE72671350600D181F2 /* HitssTest */ = {
			isa = PBXNativeTarget;
			buildConfigurationList = 49352EFC2671350900D181F2 /* Build configuration list for PBXNativeTarget "HitssTest" */;
			buildPhases = (
				49352EE42671350600D181F2 /* Sources */,
				49352EE52671350600D181F2 /* Frameworks */,
				49352EE62671350600D181F2 /* Resources */,
			);
			buildRules = (
			);
			dependencies = (
			);
			name = HitssTest;
			packageProductDependencies = (
			);
			productName = HitssTest;
			productReference = 49352EE82671350600D181F2 /* HitssTest.app */;
			productType = "com.apple.product-type.application";
		};
/* End PBXNativeTarget section */

/* Begin PBXProject section */
		49352EE02671350600D181F2 /* Project object */ = {
			isa = PBXProject;
			attributes = {
				LastSwiftUpdateCheck = 1250;
				LastUpgradeCheck = 1250;
				TargetAttributes = {
					49352EE72671350600D181F2 = {
						CreatedOnToolsVersion = 12.5;
					};
				};
			};
			buildConfigurationList = 49352EE32671350600D181F2 /* Build configuration list for PBXProject "HitssTest" */;
			compatibilityVersion = "Xcode 9.3";
			developmentRegion = en;
			hasScannedForEncodings = 0;
			knownRegions = (
				en,
				Base,
			);
			mainGroup = 49352EDF2671350600D181F2;
			packageReferences = (
			);
			productRefGroup = 49352EE92671350600D181F2 /* Products */;
			projectDirPath = "";
			projectRoot = "";
			targets = (
				49352EE72671350600D181F2 /* HitssTest */,
			);
		};
/* End PBXProject section */

/* Begin PBXResourcesBuildPhase section */
		49352EE62671350600D181F2 /* Resources */ = {
			isa = PBXResourcesBuildPhase;
			buildActionMask = 2147483647;
			files = (
				49352EF82671350900D181F2 /* LaunchScreen.storyboard in Resources */,
				49352EF52671350900D181F2 /* Assets.xcassets in Resources */,
			);
			runOnlyForDeploymentPostprocessing = 0;
		};
/* End PBXResourcesBuildPhase section */

/* Begin PBXSourcesBuildPhase section */
		49352EE42671350600D181F2 /* Sources */ = {
			isa = PBXSourcesBuildPhase;
			buildActionMask = 2147483647;
			files = (
				49352F122671425800D181F2 /* MovieTableViewCell.swift in Sources */,
				49352EF02671350600D181F2 /* MoviesViewController.swift in Sources */,
				49352F04267136A200D181F2 /* HttpRequest.swift in Sources */,
				49352F0C26713E0E00D181F2 /* TopRanked.swift in Sources */,
				490867142671627800C42890 /* MovieDetailViewController.swift in Sources */,
				49352F1B2671560200D181F2 /* CoreDataService.swift in Sources */,
				49352F012671368200D181F2 /* RequestAction.swift in Sources */,
				4908671226715CDB00C42890 /* UserDefaults+extension.swift in Sources */,
				49352EEC2671350600D181F2 /* AppDelegate.swift in Sources */,
				49352F09267136D100D181F2 /* HitssTest.swift in Sources */,
				490867162671645400C42890 /* GeneralScrollView.swift in Sources */,
				49352F0F267140E900D181F2 /* GeneralViewController.swift in Sources */,
				49352F05267136A200D181F2 /* HttpStatusCode.swift in Sources */,
				49352EEE2671350600D181F2 /* SceneDelegate.swift in Sources */,
				49352F192671542400D181F2 /* HitssTest.xcdatamodeld in Sources */,
			);
			runOnlyForDeploymentPostprocessing = 0;
		};
/* End PBXSourcesBuildPhase section */

/* Begin PBXVariantGroup section */
		49352EF62671350900D181F2 /* LaunchScreen.storyboard */ = {
			isa = PBXVariantGroup;
			children = (
				49352EF72671350900D181F2 /* Base */,
			);
			name = LaunchScreen.storyboard;
			sourceTree = "<group>";
		};
/* End PBXVariantGroup section */

/* Begin XCBuildConfiguration section */
		49352EFA2671350900D181F2 /* Debug */ = {
			isa = XCBuildConfiguration;
			buildSettings = {
				ALWAYS_SEARCH_USER_PATHS = NO;
				CLANG_ANALYZER_NONNULL = YES;
				CLANG_ANALYZER_NUMBER_OBJECT_CONVERSION = YES_AGGRESSIVE;
				CLANG_CXX_LANGUAGE_STANDARD = "gnu++14";
				CLANG_CXX_LIBRARY = "libc++";
				CLANG_ENABLE_MODULES = YES;
				CLANG_ENABLE_OBJC_ARC = YES;
				CLANG_ENABLE_OBJC_WEAK = YES;
				CLANG_WARN_BLOCK_CAPTURE_AUTORELEASING = YES;
				CLANG_WARN_BOOL_CONVERSION = YES;
				CLANG_WARN_COMMA = YES;
				CLANG_WARN_CONSTANT_CONVERSION = YES;
				CLANG_WARN_DEPRECATED_OBJC_IMPLEMENTATIONS = YES;
				CLANG_WARN_DIRECT_OBJC_ISA_USAGE = YES_ERROR;
				CLANG_WARN_DOCUMENTATION_COMMENTS = YES;
				CLANG_WARN_EMPTY_BODY = YES;
				CLANG_WARN_ENUM_CONVERSION = YES;
				CLANG_WARN_INFINITE_RECURSION = YES;
				CLANG_WARN_INT_CONVERSION = YES;
				CLANG_WARN_NON_LITERAL_NULL_CONVERSION = YES;
				CLANG_WARN_OBJC_IMPLICIT_RETAIN_SELF = YES;
				CLANG_WARN_OBJC_LITERAL_CONVERSION = YES;
				CLANG_WARN_OBJC_ROOT_CLASS = YES_ERROR;
				CLANG_WARN_QUOTED_INCLUDE_IN_FRAMEWORK_HEADER = YES;
				CLANG_WARN_RANGE_LOOP_ANALYSIS = YES;
				CLANG_WARN_STRICT_PROTOTYPES = YES;
				CLANG_WARN_SUSPICIOUS_MOVE = YES;
				CLANG_WARN_UNGUARDED_AVAILABILITY = YES_AGGRESSIVE;
				CLANG_WARN_UNREACHABLE_CODE = YES;
				CLANG_WARN__DUPLICATE_METHOD_MATCH = YES;
				COPY_PHASE_STRIP = NO;
				DEBUG_INFORMATION_FORMAT = dwarf;
				ENABLE_STRICT_OBJC_MSGSEND = YES;
				ENABLE_TESTABILITY = YES;
				GCC_C_LANGUAGE_STANDARD = gnu11;
				GCC_DYNAMIC_NO_PIC = NO;
				GCC_NO_COMMON_BLOCKS = YES;
				GCC_OPTIMIZATION_LEVEL = 0;
				GCC_PREPROCESSOR_DEFINITIONS = (
					"DEBUG=1",
					"$(inherited)",
				);
				GCC_WARN_64_TO_32_BIT_CONVERSION = YES;
				GCC_WARN_ABOUT_RETURN_TYPE = YES_ERROR;
				GCC_WARN_UNDECLARED_SELECTOR = YES;
				GCC_WARN_UNINITIALIZED_AUTOS = YES_AGGRESSIVE;
				GCC_WARN_UNUSED_FUNCTION = YES;
				GCC_WARN_UNUSED_VARIABLE = YES;
				IPHONEOS_DEPLOYMENT_TARGET = 14.5;
				MTL_ENABLE_DEBUG_INFO = INCLUDE_SOURCE;
				MTL_FAST_MATH = YES;
				ONLY_ACTIVE_ARCH = YES;
				SDKROOT = iphoneos;
				SWIFT_ACTIVE_COMPILATION_CONDITIONS = DEBUG;
				SWIFT_OPTIMIZATION_LEVEL = "-Onone";
			};
			name = Debug;
		};
		49352EFB2671350900D181F2 /* Release */ = {
			isa = XCBuildConfiguration;
			buildSettings = {
				ALWAYS_SEARCH_USER_PATHS = NO;
				CLANG_ANALYZER_NONNULL = YES;
				CLANG_ANALYZER_NUMBER_OBJECT_CONVERSION = YES_AGGRESSIVE;
				CLANG_CXX_LANGUAGE_STANDARD = "gnu++14";
				CLANG_CXX_LIBRARY = "libc++";
				CLANG_ENABLE_MODULES = YES;
				CLANG_ENABLE_OBJC_ARC = YES;
				CLANG_ENABLE_OBJC_WEAK = YES;
				CLANG_WARN_BLOCK_CAPTURE_AUTORELEASING = YES;
				CLANG_WARN_BOOL_CONVERSION = YES;
				CLANG_WARN_COMMA = YES;
				CLANG_WARN_CONSTANT_CONVERSION = YES;
				CLANG_WARN_DEPRECATED_OBJC_IMPLEMENTATIONS = YES;
				CLANG_WARN_DIRECT_OBJC_ISA_USAGE = YES_ERROR;
				CLANG_WARN_DOCUMENTATION_COMMENTS = YES;
				CLANG_WARN_EMPTY_BODY = YES;
				CLANG_WARN_ENUM_CONVERSION = YES;
				CLANG_WARN_INFINITE_RECURSION = YES;
				CLANG_WARN_INT_CONVERSION = YES;
				CLANG_WARN_NON_LITERAL_NULL_CONVERSION = YES;
				CLANG_WARN_OBJC_IMPLICIT_RETAIN_SELF = YES;
				CLANG_WARN_OBJC_LITERAL_CONVERSION = YES;
				CLANG_WARN_OBJC_ROOT_CLASS = YES_ERROR;
				CLANG_WARN_QUOTED_INCLUDE_IN_FRAMEWORK_HEADER = YES;
				CLANG_WARN_RANGE_LOOP_ANALYSIS = YES;
				CLANG_WARN_STRICT_PROTOTYPES = YES;
				CLANG_WARN_SUSPICIOUS_MOVE = YES;
				CLANG_WARN_UNGUARDED_AVAILABILITY = YES_AGGRESSIVE;
				CLANG_WARN_UNREACHABLE_CODE = YES;
				CLANG_WARN__DUPLICATE_METHOD_MATCH = YES;
				COPY_PHASE_STRIP = NO;
				DEBUG_INFORMATION_FORMAT = "dwarf-with-dsym";
				ENABLE_NS_ASSERTIONS = NO;
				ENABLE_STRICT_OBJC_MSGSEND = YES;
				GCC_C_LANGUAGE_STANDARD = gnu11;
				GCC_NO_COMMON_BLOCKS = YES;
				GCC_WARN_64_TO_32_BIT_CONVERSION = YES;
				GCC_WARN_ABOUT_RETURN_TYPE = YES_ERROR;
				GCC_WARN_UNDECLARED_SELECTOR = YES;
				GCC_WARN_UNINITIALIZED_AUTOS = YES_AGGRESSIVE;
				GCC_WARN_UNUSED_FUNCTION = YES;
				GCC_WARN_UNUSED_VARIABLE = YES;
				IPHONEOS_DEPLOYMENT_TARGET = 14.5;
				MTL_ENABLE_DEBUG_INFO = NO;
				MTL_FAST_MATH = YES;
				SDKROOT = iphoneos;
				SWIFT_COMPILATION_MODE = wholemodule;
				SWIFT_OPTIMIZATION_LEVEL = "-O";
				VALIDATE_PRODUCT = YES;
			};
			name = Release;
		};
		49352EFD2671350900D181F2 /* Debug */ = {
			isa = XCBuildConfiguration;
			buildSettings = {
				ASSETCATALOG_COMPILER_APPICON_NAME = AppIcon;
				ASSETCATALOG_COMPILER_GLOBAL_ACCENT_COLOR_NAME = AccentColor;
				CODE_SIGN_STYLE = Automatic;
				DEVELOPMENT_TEAM = C25K94Y3KP;
				INFOPLIST_FILE = HitssTest/Info.plist;
				LD_RUNPATH_SEARCH_PATHS = (
					"$(inherited)",
					"@executable_path/Frameworks",
				);
				PRODUCT_BUNDLE_IDENTIFIER = mx.com.hitss.HitssTest;
				PRODUCT_NAME = "$(TARGET_NAME)";
				SWIFT_VERSION = 5.0;
				TARGETED_DEVICE_FAMILY = "1,2";
			};
			name = Debug;
		};
		49352EFE2671350900D181F2 /* Release */ = {
			isa = XCBuildConfiguration;
			buildSettings = {
				ASSETCATALOG_COMPILER_APPICON_NAME = AppIcon;
				ASSETCATALOG_COMPILER_GLOBAL_ACCENT_COLOR_NAME = AccentColor;
				CODE_SIGN_STYLE = Automatic;
				DEVELOPMENT_TEAM = C25K94Y3KP;
				INFOPLIST_FILE = HitssTest/Info.plist;
				LD_RUNPATH_SEARCH_PATHS = (
					"$(inherited)",
					"@executable_path/Frameworks",
				);
				PRODUCT_BUNDLE_IDENTIFIER = mx.com.hitss.HitssTest;
				PRODUCT_NAME = "$(TARGET_NAME)";
				SWIFT_VERSION = 5.0;
				TARGETED_DEVICE_FAMILY = "1,2";
			};
			name = Release;
		};
/* End XCBuildConfiguration section */

/* Begin XCConfigurationList section */
		49352EE32671350600D181F2 /* Build configuration list for PBXProject "HitssTest" */ = {
			isa = XCConfigurationList;
			buildConfigurations = (
				49352EFA2671350900D181F2 /* Debug */,
				49352EFB2671350900D181F2 /* Release */,
			);
			defaultConfigurationIsVisible = 0;
			defaultConfigurationName = Release;
		};
		49352EFC2671350900D181F2 /* Build configuration list for PBXNativeTarget "HitssTest" */ = {
			isa = XCConfigurationList;
			buildConfigurations = (
				49352EFD2671350900D181F2 /* Debug */,
				49352EFE2671350900D181F2 /* Release */,
			);
			defaultConfigurationIsVisible = 0;
			defaultConfigurationName = Release;
		};
/* End XCConfigurationList section */

/* Begin XCVersionGroup section */
		49352F172671542400D181F2 /* HitssTest.xcdatamodeld */ = {
			isa = XCVersionGroup;
			children = (
				49352F182671542400D181F2 /* HitssTest.xcdatamodel */,
			);
			currentVersion = 49352F182671542400D181F2 /* HitssTest.xcdatamodel */;
			path = HitssTest.xcdatamodeld;
			sourceTree = "<group>";
			versionGroupType = wrapper.xcdatamodel;
		};
/* End XCVersionGroup section */
	};
	rootObject = 49352EE02671350600D181F2 /* Project object */;
}
